
Microsoft Visual Studio Solution File, Format Version 12.00
# Visual Studio Version 17
VisualStudioVersion = 17.4.33110.190
MinimumVisualStudioVersion = 10.0.40219.1
Project("{FAE04EC0-301F-11D3-BF4B-00C04F79EFBC}") = "ClinicApp", "ClinicApp.csproj", "{1047AB75-709C-49B3-A49C-D15A5C4DC792}"
EndProject
Global
	GlobalSection(SolutionConfigurationPlatforms) = preSolution
		Debug|Any CPU = Debug|Any CPU
		Release|Any CPU = Release|Any CPU
	EndGlobalSection
	GlobalSection(ProjectConfigurationPlatforms) = postSolution
		{1047AB75-709C-49B3-A49C-D15A5C4DC792}.Debug|Any CPU.ActiveCfg = Debug|Any CPU
		{1047AB75-709C-49B3-A49C-D15A5C4DC792}.Debug|Any CPU.Build.0 = Debug|Any CPU
		{1047AB75-709C-49B3-A49C-D15A5C4DC792}.Release|Any CPU.ActiveCfg = Release|Any CPU
		{1047AB75-709C-49B3-A49C-D15A5C4DC792}.Release|Any CPU.Build.0 = Release|Any CPU
	EndGlobalSection
	GlobalSection(SolutionProperties) = preSolution
		HideSolutionNode = FALSE
	EndGlobalSection
	GlobalSection(ExtensibilityGlobals) = postSolution
		SolutionGuid = {02943210-1645-4AB5-9426-2030149597FB}
	EndGlobalSection
EndGlobal
